// !$*UTF8*$!
{
	archiveVersion = 1;
	classes = {
	};
	objectVersion = 55;
	objects = {

/* Begin PBXBuildFile section */
		76B9CC51284F292D002E80AA /* AppDelegate.swift in Sources */ = {isa = PBXBuildFile; fileRef = 76B9CC50284F292D002E80AA /* AppDelegate.swift */; };
		76B9CC5A284F292E002E80AA /* Assets.xcassets in Resources */ = {isa = PBXBuildFile; fileRef = 76B9CC59284F292E002E80AA /* Assets.xcassets */; };
		76B9CC5D284F292E002E80AA /* LaunchScreen.storyboard in Resources */ = {isa = PBXBuildFile; fileRef = 76B9CC5B284F292E002E80AA /* LaunchScreen.storyboard */; };
		76B9CC6C284F378B002E80AA /* HomeViewController.swift in Sources */ = {isa = PBXBuildFile; fileRef = 76B9CC6B284F378B002E80AA /* HomeViewController.swift */; };
		76B9CC81284F4333002E80AA /* SceneDelegate.swift in Sources */ = {isa = PBXBuildFile; fileRef = 76B9CC52284F292D002E80AA /* SceneDelegate.swift */; };
		76B9CC89284F446E002E80AA /* R.generated.swift in Sources */ = {isa = PBXBuildFile; fileRef = 76B9CC88284F446E002E80AA /* R.generated.swift */; };
		76B9CCA9284F525B002E80AA /* Home.storyboard in Resources */ = {isa = PBXBuildFile; fileRef = 76B9CCA8284F525B002E80AA /* Home.storyboard */; };
		A0DD217D0A1E6E96B465C531 /* Pods_SampleInAppPurchases.framework in Frameworks */ = {isa = PBXBuildFile; fileRef = FB150ADB8A0C9200B72C2E39 /* Pods_SampleInAppPurchases.framework */; };
/* End PBXBuildFile section */

/* Begin PBXFileReference section */
		36167592F207E306F1A5C7D2 /* Pods-SampleInAppPurchases.debug.xcconfig */ = {isa = PBXFileReference; includeInIndex = 1; lastKnownFileType = text.xcconfig; name = "Pods-SampleInAppPurchases.debug.xcconfig"; path = "Target Support Files/Pods-SampleInAppPurchases/Pods-SampleInAppPurchases.debug.xcconfig"; sourceTree = "<group>"; };
		5736B96E1C394CEB3C89E8CE /* Pods-SampleInAppPurchases.release.xcconfig */ = {isa = PBXFileReference; includeInIndex = 1; lastKnownFileType = text.xcconfig; name = "Pods-SampleInAppPurchases.release.xcconfig"; path = "Target Support Files/Pods-SampleInAppPurchases/Pods-SampleInAppPurchases.release.xcconfig"; sourceTree = "<group>"; };
		76B9CC4D284F292D002E80AA /* SampleInAppPurchases.app */ = {isa = PBXFileReference; explicitFileType = wrapper.application; includeInIndex = 0; path = SampleInAppPurchases.app; sourceTree = BUILT_PRODUCTS_DIR; };
		76B9CC50284F292D002E80AA /* AppDelegate.swift */ = {isa = PBXFileReference; lastKnownFileType = sourcecode.swift; path = AppDelegate.swift; sourceTree = "<group>"; };
		76B9CC52284F292D002E80AA /* SceneDelegate.swift */ = {isa = PBXFileReference; lastKnownFileType = sourcecode.swift; path = SceneDelegate.swift; sourceTree = "<group>"; };
		76B9CC59284F292E002E80AA /* Assets.xcassets */ = {isa = PBXFileReference; lastKnownFileType = folder.assetcatalog; path = Assets.xcassets; sourceTree = "<group>"; };
		76B9CC5C284F292E002E80AA /* Base */ = {isa = PBXFileReference; lastKnownFileType = file.storyboard; name = Base; path = Base.lproj/LaunchScreen.storyboard; sourceTree = "<group>"; };
		76B9CC5E284F292E002E80AA /* Info.plist */ = {isa = PBXFileReference; lastKnownFileType = text.plist.xml; path = Info.plist; sourceTree = "<group>"; };
		76B9CC6B284F378B002E80AA /* HomeViewController.swift */ = {isa = PBXFileReference; lastKnownFileType = sourcecode.swift; path = HomeViewController.swift; sourceTree = "<group>"; };
		76B9CC88284F446E002E80AA /* R.generated.swift */ = {isa = PBXFileReference; fileEncoding = 4; lastKnownFileType = sourcecode.swift; path = R.generated.swift; sourceTree = "<group>"; };
		76B9CCA8284F525B002E80AA /* Home.storyboard */ = {isa = PBXFileReference; lastKnownFileType = file.storyboard; path = Home.storyboard; sourceTree = "<group>"; };
		FB150ADB8A0C9200B72C2E39 /* Pods_SampleInAppPurchases.framework */ = {isa = PBXFileReference; explicitFileType = wrapper.framework; includeInIndex = 0; path = Pods_SampleInAppPurchases.framework; sourceTree = BUILT_PRODUCTS_DIR; };
/* End PBXFileReference section */

/* Begin PBXFrameworksBuildPhase section */
		76B9CC4A284F292D002E80AA /* Frameworks */ = {
			isa = PBXFrameworksBuildPhase;
			buildActionMask = 2147483647;
			files = (
				A0DD217D0A1E6E96B465C531 /* Pods_SampleInAppPurchases.framework in Frameworks */,
			);
			runOnlyForDeploymentPostprocessing = 0;
		};
/* End PBXFrameworksBuildPhase section */

/* Begin PBXGroup section */
		4D40F5BF6DC80F40FC33B71B /* Frameworks */ = {
			isa = PBXGroup;
			children = (
				FB150ADB8A0C9200B72C2E39 /* Pods_SampleInAppPurchases.framework */,
			);
			name = Frameworks;
			sourceTree = "<group>";
		};
		76B9CC44284F292D002E80AA = {
			isa = PBXGroup;
			children = (
				76B9CC4F284F292D002E80AA /* SampleInAppPurchases */,
				76B9CC4E284F292D002E80AA /* Products */,
				94107F6076936BDF64369F5E /* Pods */,
				4D40F5BF6DC80F40FC33B71B /* Frameworks */,
			);
			sourceTree = "<group>";
		};
		76B9CC4E284F292D002E80AA /* Products */ = {
			isa = PBXGroup;
			children = (
				76B9CC4D284F292D002E80AA /* SampleInAppPurchases.app */,
			);
			name = Products;
			sourceTree = "<group>";
		};
		76B9CC4F284F292D002E80AA /* SampleInAppPurchases */ = {
			isa = PBXGroup;
			children = (
				76B9CC8B284F4AD9002E80AA /* Modules */,
				76B9CC88284F446E002E80AA /* R.generated.swift */,
				76B9CC50284F292D002E80AA /* AppDelegate.swift */,
				76B9CC52284F292D002E80AA /* SceneDelegate.swift */,
				76B9CC59284F292E002E80AA /* Assets.xcassets */,
				76B9CC5B284F292E002E80AA /* LaunchScreen.storyboard */,
				76B9CC5E284F292E002E80AA /* Info.plist */,
			);
			path = SampleInAppPurchases;
			sourceTree = "<group>";
		};
		76B9CC6A284F3776002E80AA /* Home */ = {
			isa = PBXGroup;
			children = (
				76B9CC6B284F378B002E80AA /* HomeViewController.swift */,
				76B9CCA8284F525B002E80AA /* Home.storyboard */,
			);
			path = Home;
			sourceTree = "<group>";
		};
		76B9CC8B284F4AD9002E80AA /* Modules */ = {
			isa = PBXGroup;
			children = (
				76B9CC6A284F3776002E80AA /* Home */,
			);
			path = Modules;
			sourceTree = "<group>";
		};
		94107F6076936BDF64369F5E /* Pods */ = {
			isa = PBXGroup;
			children = (
				36167592F207E306F1A5C7D2 /* Pods-SampleInAppPurchases.debug.xcconfig */,
				5736B96E1C394CEB3C89E8CE /* Pods-SampleInAppPurchases.release.xcconfig */,
			);
			path = Pods;
			sourceTree = "<group>";
		};
/* End PBXGroup section */

/* Begin PBXNativeTarget section */
		76B9CC4C284F292D002E80AA /* SampleInAppPurchases */ = {
			isa = PBXNativeTarget;
			buildConfigurationList = 76B9CC61284F292E002E80AA /* Build configuration list for PBXNativeTarget "SampleInAppPurchases" */;
			buildPhases = (
				38BA16DAB8866370E9C7A8C1 /* [CP] Check Pods Manifest.lock */,
				76B9CC64284F3080002E80AA /* R.swift */,
				76B9CC49284F292D002E80AA /* Sources */,
				76B9CC4A284F292D002E80AA /* Frameworks */,
				76B9CC4B284F292D002E80AA /* Resources */,
				54F04A68C3EF4ED6BFFFAB09 /* [CP] Embed Pods Frameworks */,
			);
			buildRules = (
			);
			dependencies = (
			);
			name = SampleInAppPurchases;
			productName = SampleInAppPurchases;
			productReference = 76B9CC4D284F292D002E80AA /* SampleInAppPurchases.app */;
			productType = "com.apple.product-type.application";
		};
/* End PBXNativeTarget section */

/* Begin PBXProject section */
		76B9CC45284F292D002E80AA /* Project object */ = {
			isa = PBXProject;
			attributes = {
				BuildIndependentTargetsInParallel = 1;
				LastSwiftUpdateCheck = 1310;
				LastUpgradeCheck = 1310;
				TargetAttributes = {
					76B9CC4C284F292D002E80AA = {
						CreatedOnToolsVersion = 13.1;
					};
				};
			};
			buildConfigurationList = 76B9CC48284F292D002E80AA /* Build configuration list for PBXProject "SampleInAppPurchases" */;
			compatibilityVersion = "Xcode 13.0";
			developmentRegion = en;
			hasScannedForEncodings = 0;
			knownRegions = (
				en,
				Base,
				ja,
			);
			mainGroup = 76B9CC44284F292D002E80AA;
			productRefGroup = 76B9CC4E284F292D002E80AA /* Products */;
			projectDirPath = "";
			projectRoot = "";
			targets = (
				76B9CC4C284F292D002E80AA /* SampleInAppPurchases */,
			);
		};
/* End PBXProject section */

/* Begin PBXResourcesBuildPhase section */
		76B9CC4B284F292D002E80AA /* Resources */ = {
			isa = PBXResourcesBuildPhase;
			buildActionMask = 2147483647;
			files = (
				76B9CC5D284F292E002E80AA /* LaunchScreen.storyboard in Resources */,
				76B9CC5A284F292E002E80AA /* Assets.xcassets in Resources */,
				76B9CCA9284F525B002E80AA /* Home.storyboard in Resources */,
			);
			runOnlyForDeploymentPostprocessing = 0;
		};
/* End PBXResourcesBuildPhase section */

/* Begin PBXShellScriptBuildPhase section */
		38BA16DAB8866370E9C7A8C1 /* [CP] Check Pods Manifest.lock */ = {
			isa = PBXShellScriptBuildPhase;
			buildActionMask = 2147483647;
			files = (
			);
			inputFileListPaths = (
			);
			inputPaths = (
				"${PODS_PODFILE_DIR_PATH}/Podfile.lock",
				"${PODS_ROOT}/Manifest.lock",
			);
			name = "[CP] Check Pods Manifest.lock";
			outputFileListPaths = (
			);
			outputPaths = (
				"$(DERIVED_FILE_DIR)/Pods-SampleInAppPurchases-checkManifestLockResult.txt",
			);
			runOnlyForDeploymentPostprocessing = 0;
			shellPath = /bin/sh;
			shellScript = "diff \"${PODS_PODFILE_DIR_PATH}/Podfile.lock\" \"${PODS_ROOT}/Manifest.lock\" > /dev/null\nif [ $? != 0 ] ; then\n    # print error to STDERR\n    echo \"error: The sandbox is not in sync with the Podfile.lock. Run 'pod install' or update your CocoaPods installation.\" >&2\n    exit 1\nfi\n# This output is used by Xcode 'outputs' to avoid re-running this script phase.\necho \"SUCCESS\" > \"${SCRIPT_OUTPUT_FILE_0}\"\n";
			showEnvVarsInLog = 0;
		};
		54F04A68C3EF4ED6BFFFAB09 /* [CP] Embed Pods Frameworks */ = {
			isa = PBXShellScriptBuildPhase;
			buildActionMask = 2147483647;
			files = (
			);
			inputFileListPaths = (
				"${PODS_ROOT}/Target Support Files/Pods-SampleInAppPurchases/Pods-SampleInAppPurchases-frameworks-${CONFIGURATION}-input-files.xcfilelist",
			);
			name = "[CP] Embed Pods Frameworks";
			outputFileListPaths = (
				"${PODS_ROOT}/Target Support Files/Pods-SampleInAppPurchases/Pods-SampleInAppPurchases-frameworks-${CONFIGURATION}-output-files.xcfilelist",
			);
			runOnlyForDeploymentPostprocessing = 0;
			shellPath = /bin/sh;
			shellScript = "\"${PODS_ROOT}/Target Support Files/Pods-SampleInAppPurchases/Pods-SampleInAppPurchases-frameworks.sh\"\n";
			showEnvVarsInLog = 0;
		};
		76B9CC64284F3080002E80AA /* R.swift */ = {
			isa = PBXShellScriptBuildPhase;
			alwaysOutOfDate = 1;
			buildActionMask = 12;
			files = (
			);
			inputFileListPaths = (
				"",
				"",
			);
			inputPaths = (
			);
			name = R.swift;
			outputFileListPaths = (
			);
			outputPaths = (
				$SRCROOT/SampleInAppPurchases/R.generated.swift,
			);
			runOnlyForDeploymentPostprocessing = 0;
			shellPath = /bin/sh;
			shellScript = "if [ $ACTION != \"indexbuild\" ]; then\n \"$PODS_ROOT/R.swift/rswift\" generate \"$SRCROOT/SampleInAppPurchases/R.generated.swift\"\nfi\n";
		};
/* End PBXShellScriptBuildPhase section */

/* Begin PBXSourcesBuildPhase section */
		76B9CC49284F292D002E80AA /* Sources */ = {
			isa = PBXSourcesBuildPhase;
			buildActionMask = 2147483647;
			files = (
				76B9CC51284F292D002E80AA /* AppDelegate.swift in Sources */,
				76B9CC6C284F378B002E80AA /* HomeViewController.swift in Sources */,
				76B9CC81284F4333002E80AA /* SceneDelegate.swift in Sources */,
				76B9CC89284F446E002E80AA /* R.generated.swift in Sources */,
			);
			runOnlyForDeploymentPostprocessing = 0;
		};
/* End PBXSourcesBuildPhase section */

/* Begin PBXVariantGroup section */
		76B9CC5B284F292E002E80AA /* LaunchScreen.storyboard */ = {
			isa = PBXVariantGroup;
			children = (
				76B9CC5C284F292E002E80AA /* Base */,
			);
			name = LaunchScreen.storyboard;
			sourceTree = "<group>";
		};
/* End PBXVariantGroup section */

/* Begin XCBuildConfiguration section */
		76B9CC5F284F292E002E80AA /* Debug */ = {
			isa = XCBuildConfiguration;
			buildSettings = {
				ALWAYS_SEARCH_USER_PATHS = NO;
				CLANG_ANALYZER_LOCALIZABILITY_NONLOCALIZED = YES;
				CLANG_ANALYZER_NONNULL = YES;
				CLANG_ANALYZER_NUMBER_OBJECT_CONVERSION = YES_AGGRESSIVE;
				CLANG_CXX_LANGUAGE_STANDARD = "gnu++17";
				CLANG_CXX_LIBRARY = "libc++";
				CLANG_ENABLE_MODULES = YES;
				CLANG_ENABLE_OBJC_ARC = YES;
				CLANG_ENABLE_OBJC_WEAK = YES;
				CLANG_WARN_BLOCK_CAPTURE_AUTORELEASING = YES;
				CLANG_WARN_BOOL_CONVERSION = YES;
				CLANG_WARN_COMMA = YES;
				CLANG_WARN_CONSTANT_CONVERSION = YES;
				CLANG_WARN_DEPRECATED_OBJC_IMPLEMENTATIONS = YES;
				CLANG_WARN_DIRECT_OBJC_ISA_USAGE = YES_ERROR;
				CLANG_WARN_DOCUMENTATION_COMMENTS = YES;
				CLANG_WARN_EMPTY_BODY = YES;
				CLANG_WARN_ENUM_CONVERSION = YES;
				CLANG_WARN_INFINITE_RECURSION = YES;
				CLANG_WARN_INT_CONVERSION = YES;
				CLANG_WARN_NON_LITERAL_NULL_CONVERSION = YES;
				CLANG_WARN_OBJC_IMPLICIT_RETAIN_SELF = YES;
				CLANG_WARN_OBJC_LITERAL_CONVERSION = YES;
				CLANG_WARN_OBJC_ROOT_CLASS = YES_ERROR;
				CLANG_WARN_QUOTED_INCLUDE_IN_FRAMEWORK_HEADER = YES;
				CLANG_WARN_RANGE_LOOP_ANALYSIS = YES;
				CLANG_WARN_STRICT_PROTOTYPES = YES;
				CLANG_WARN_SUSPICIOUS_MOVE = YES;
				CLANG_WARN_UNGUARDED_AVAILABILITY = YES_AGGRESSIVE;
				CLANG_WARN_UNREACHABLE_CODE = YES;
				CLANG_WARN__DUPLICATE_METHOD_MATCH = YES;
				COPY_PHASE_STRIP = NO;
				DEBUG_INFORMATION_FORMAT = dwarf;
				ENABLE_STRICT_OBJC_MSGSEND = YES;
				ENABLE_TESTABILITY = YES;
				GCC_C_LANGUAGE_STANDARD = gnu11;
				GCC_DYNAMIC_NO_PIC = NO;
				GCC_NO_COMMON_BLOCKS = YES;
				GCC_OPTIMIZATION_LEVEL = 0;
				GCC_PREPROCESSOR_DEFINITIONS = (
					"DEBUG=1",
					"$(inherited)",
				);
				GCC_WARN_64_TO_32_BIT_CONVERSION = YES;
				GCC_WARN_ABOUT_RETURN_TYPE = YES_ERROR;
				GCC_WARN_UNDECLARED_SELECTOR = YES;
				GCC_WARN_UNINITIALIZED_AUTOS = YES_AGGRESSIVE;
				GCC_WARN_UNUSED_FUNCTION = YES;
				GCC_WARN_UNUSED_VARIABLE = YES;
				IPHONEOS_DEPLOYMENT_TARGET = 13.0;
				MTL_ENABLE_DEBUG_INFO = INCLUDE_SOURCE;
				MTL_FAST_MATH = YES;
				ONLY_ACTIVE_ARCH = YES;
				SDKROOT = iphoneos;
				SWIFT_ACTIVE_COMPILATION_CONDITIONS = DEBUG;
				SWIFT_OPTIMIZATION_LEVEL = "-Onone";
			};
			name = Debug;
		};
		76B9CC60284F292E002E80AA /* Release */ = {
			isa = XCBuildConfiguration;
			buildSettings = {
				ALWAYS_SEARCH_USER_PATHS = NO;
				CLANG_ANALYZER_LOCALIZABILITY_NONLOCALIZED = YES;
				CLANG_ANALYZER_NONNULL = YES;
				CLANG_ANALYZER_NUMBER_OBJECT_CONVERSION = YES_AGGRESSIVE;
				CLANG_CXX_LANGUAGE_STANDARD = "gnu++17";
				CLANG_CXX_LIBRARY = "libc++";
				CLANG_ENABLE_MODULES = YES;
				CLANG_ENABLE_OBJC_ARC = YES;
				CLANG_ENABLE_OBJC_WEAK = YES;
				CLANG_WARN_BLOCK_CAPTURE_AUTORELEASING = YES;
				CLANG_WARN_BOOL_CONVERSION = YES;
				CLANG_WARN_COMMA = YES;
				CLANG_WARN_CONSTANT_CONVERSION = YES;
				CLANG_WARN_DEPRECATED_OBJC_IMPLEMENTATIONS = YES;
				CLANG_WARN_DIRECT_OBJC_ISA_USAGE = YES_ERROR;
				CLANG_WARN_DOCUMENTATION_COMMENTS = YES;
				CLANG_WARN_EMPTY_BODY = YES;
				CLANG_WARN_ENUM_CONVERSION = YES;
				CLANG_WARN_INFINITE_RECURSION = YES;
				CLANG_WARN_INT_CONVERSION = YES;
				CLANG_WARN_NON_LITERAL_NULL_CONVERSION = YES;
				CLANG_WARN_OBJC_IMPLICIT_RETAIN_SELF = YES;
				CLANG_WARN_OBJC_LITERAL_CONVERSION = YES;
				CLANG_WARN_OBJC_ROOT_CLASS = YES_ERROR;
				CLANG_WARN_QUOTED_INCLUDE_IN_FRAMEWORK_HEADER = YES;
				CLANG_WARN_RANGE_LOOP_ANALYSIS = YES;
				CLANG_WARN_STRICT_PROTOTYPES = YES;
				CLANG_WARN_SUSPICIOUS_MOVE = YES;
				CLANG_WARN_UNGUARDED_AVAILABILITY = YES_AGGRESSIVE;
				CLANG_WARN_UNREACHABLE_CODE = YES;
				CLANG_WARN__DUPLICATE_METHOD_MATCH = YES;
				COPY_PHASE_STRIP = NO;
				DEBUG_INFORMATION_FORMAT = "dwarf-with-dsym";
				ENABLE_NS_ASSERTIONS = NO;
				ENABLE_STRICT_OBJC_MSGSEND = YES;
				GCC_C_LANGUAGE_STANDARD = gnu11;
				GCC_NO_COMMON_BLOCKS = YES;
				GCC_WARN_64_TO_32_BIT_CONVERSION = YES;
				GCC_WARN_ABOUT_RETURN_TYPE = YES_ERROR;
				GCC_WARN_UNDECLARED_SELECTOR = YES;
				GCC_WARN_UNINITIALIZED_AUTOS = YES_AGGRESSIVE;
				GCC_WARN_UNUSED_FUNCTION = YES;
				GCC_WARN_UNUSED_VARIABLE = YES;
				IPHONEOS_DEPLOYMENT_TARGET = 13.0;
				MTL_ENABLE_DEBUG_INFO = NO;
				MTL_FAST_MATH = YES;
				SDKROOT = iphoneos;
				SWIFT_COMPILATION_MODE = wholemodule;
				SWIFT_OPTIMIZATION_LEVEL = "-O";
				VALIDATE_PRODUCT = YES;
			};
			name = Release;
		};
		76B9CC62284F292E002E80AA /* Debug */ = {
			isa = XCBuildConfiguration;
			baseConfigurationReference = 36167592F207E306F1A5C7D2 /* Pods-SampleInAppPurchases.debug.xcconfig */;
			buildSettings = {
				ASSETCATALOG_COMPILER_APPICON_NAME = AppIcon;
				ASSETCATALOG_COMPILER_GLOBAL_ACCENT_COLOR_NAME = AccentColor;
				CODE_SIGN_STYLE = Automatic;
				CURRENT_PROJECT_VERSION = 1;
				DEVELOPMENT_TEAM = ND2DGB68Y6;
				GENERATE_INFOPLIST_FILE = YES;
				INFOPLIST_FILE = SampleInAppPurchases/Info.plist;
				INFOPLIST_KEY_UIApplicationSupportsIndirectInputEvents = YES;
				INFOPLIST_KEY_UILaunchStoryboardName = LaunchScreen;
				INFOPLIST_KEY_UISupportedInterfaceOrientations_iPad = "UIInterfaceOrientationPortrait UIInterfaceOrientationPortraitUpsideDown UIInterfaceOrientationLandscapeLeft UIInterfaceOrientationLandscapeRight";
				INFOPLIST_KEY_UISupportedInterfaceOrientations_iPhone = "UIInterfaceOrientationPortrait UIInterfaceOrientationLandscapeLeft UIInterfaceOrientationLandscapeRight";
				IPHONEOS_DEPLOYMENT_TARGET = 13.0;
				LD_RUNPATH_SEARCH_PATHS = (
					"$(inherited)",
					"@executable_path/Frameworks",
				);
				MARKETING_VERSION = 1.0;
				PRODUCT_BUNDLE_IDENTIFIER = jp.shuta.app.staging;
				PRODUCT_NAME = "$(TARGET_NAME)";
				SWIFT_EMIT_LOC_STRINGS = YES;
				SWIFT_VERSION = 5.0;
				TARGETED_DEVICE_FAMILY = "1,2";
			};
			name = Debug;
		};
		76B9CC63284F292E002E80AA /* Release */ = {
			isa = XCBuildConfiguration;
			baseConfigurationReference = 5736B96E1C394CEB3C89E8CE /* Pods-SampleInAppPurchases.release.xcconfig */;
			buildSettings = {
				ASSETCATALOG_COMPILER_APPICON_NAME = AppIcon;
				ASSETCATALOG_COMPILER_GLOBAL_ACCENT_COLOR_NAME = AccentColor;
				CODE_SIGN_STYLE = Automatic;
				CURRENT_PROJECT_VERSION = 1;
				DEVELOPMENT_TEAM = ND2DGB68Y6;
				GENERATE_INFOPLIST_FILE = YES;
				INFOPLIST_FILE = SampleInAppPurchases/Info.plist;
				INFOPLIST_KEY_UIApplicationSupportsIndirectInputEvents = YES;
				INFOPLIST_KEY_UILaunchStoryboardName = LaunchScreen;
				INFOPLIST_KEY_UISupportedInterfaceOrientations_iPad = "UIInterfaceOrientationPortrait UIInterfaceOrientationPortraitUpsideDown UIInterfaceOrientationLandscapeLeft UIInterfaceOrientationLandscapeRight";
				INFOPLIST_KEY_UISupportedInterfaceOrientations_iPhone = "UIInterfaceOrientationPortrait UIInterfaceOrientationLandscapeLeft UIInterfaceOrientationLandscapeRight";
				IPHONEOS_DEPLOYMENT_TARGET = 13.0;
				LD_RUNPATH_SEARCH_PATHS = (
					"$(inherited)",
					"@executable_path/Frameworks",
				);
				MARKETING_VERSION = 1.0;
				PRODUCT_BUNDLE_IDENTIFIER = jp.shuta.app.staging;
				PRODUCT_NAME = "$(TARGET_NAME)";
				SWIFT_EMIT_LOC_STRINGS = YES;
				SWIFT_VERSION = 5.0;
				TARGETED_DEVICE_FAMILY = "1,2";
			};
			name = Release;
		};
/* End XCBuildConfiguration section */

/* Begin XCConfigurationList section */
		76B9CC48284F292D002E80AA /* Build configuration list for PBXProject "SampleInAppPurchases" */ = {
			isa = XCConfigurationList;
			buildConfigurations = (
				76B9CC5F284F292E002E80AA /* Debug */,
				76B9CC60284F292E002E80AA /* Release */,
			);
			defaultConfigurationIsVisible = 0;
			defaultConfigurationName = Release;
		};
		76B9CC61284F292E002E80AA /* Build configuration list for PBXNativeTarget "SampleInAppPurchases" */ = {
			isa = XCConfigurationList;
			buildConfigurations = (
				76B9CC62284F292E002E80AA /* Debug */,
				76B9CC63284F292E002E80AA /* Release */,
			);
			defaultConfigurationIsVisible = 0;
			defaultConfigurationName = Release;
		};
/* End XCConfigurationList section */
	};
	rootObject = 76B9CC45284F292D002E80AA /* Project object */;
}
